
Microsoft Visual Studio Solution File, Format Version 12.00
# Visual Studio Version 16
VisualStudioVersion = 16.0.30011.22
MinimumVisualStudioVersion = 10.0.40219.1
Project("{8BC9CEB8-8B4A-11D0-8D11-00A0C91BC942}") = "Open_Source_Project_4조", "Open_Source_Project_4조.vcxproj", "{D6E3BDD9-7A5C-4938-9261-88876CA69416}"
EndProject
Global
	GlobalSection(SolutionConfigurationPlatforms) = preSolution
		Debug|x64 = Debug|x64
		Debug|x86 = Debug|x86
		Release|x64 = Release|x64
		Release|x86 = Release|x86
	EndGlobalSection
	GlobalSection(ProjectConfigurationPlatforms) = postSolution
		{D6E3BDD9-7A5C-4938-9261-88876CA69416}.Debug|x64.ActiveCfg = Debug|x64
		{D6E3BDD9-7A5C-4938-9261-88876CA69416}.Debug|x64.Build.0 = Debug|x64
		{D6E3BDD9-7A5C-4938-9261-88876CA69416}.Debug|x86.ActiveCfg = Debug|Win32
		{D6E3BDD9-7A5C-4938-9261-88876CA69416}.Debug|x86.Build.0 = Debug|Win32
		{D6E3BDD9-7A5C-4938-9261-88876CA69416}.Release|x64.ActiveCfg = Release|x64
		{D6E3BDD9-7A5C-4938-9261-88876CA69416}.Release|x64.Build.0 = Release|x64
		{D6E3BDD9-7A5C-4938-9261-88876CA69416}.Release|x86.ActiveCfg = Release|Win32
		{D6E3BDD9-7A5C-4938-9261-88876CA69416}.Release|x86.Build.0 = Release|Win32
	EndGlobalSection
	GlobalSection(SolutionProperties) = preSolution
		HideSolutionNode = FALSE
	EndGlobalSection
	GlobalSection(ExtensibilityGlobals) = postSolution
		SolutionGuid = {D75B1E94-1B96-401F-9309-24E2EF38E7A2}
	EndGlobalSection
EndGlobal
